{
    "_meta": {
        "hash": {
            "sha256": "c40ed3b3c8107f18577d0d726519de80e20644561c421d4df03934151a41a79a"
        },
        "pipfile-spec": 6,
        "requires": {
            "python_version": "3.9"
        },
        "sources": [
            {
                "name": "pypi",
                "url": "https://pypi.org/simple",
                "verify_ssl": true
            }
        ]
    },
    "default": {},
    "develop": {}
}
